
Microsoft Visual Studio Solution File, Format Version 12.00
# Visual Studio 15
VisualStudioVersion = 15.0.28307.168
MinimumVisualStudioVersion = 10.0.40219.1
Project("{FAE04EC0-301F-11D3-BF4B-00C04F79EFBC}") = "WebApi2", "WebApi2\WebApi2.csproj", "{04E57CC8-00FA-4177-9470-48A80B00A184}"
EndProject
Global
	GlobalSection(SolutionConfigurationPlatforms) = preSolution
		Debug|Any CPU = Debug|Any CPU
		Release|Any CPU = Release|Any CPU
	EndGlobalSection
	GlobalSection(ProjectConfigurationPlatforms) = postSolution
		{04E57CC8-00FA-4177-9470-48A80B00A184}.Debug|Any CPU.ActiveCfg = Debug|Any CPU
		{04E57CC8-00FA-4177-9470-48A80B00A184}.Debug|Any CPU.Build.0 = Debug|Any CPU
		{04E57CC8-00FA-4177-9470-48A80B00A184}.Release|Any CPU.ActiveCfg = Release|Any CPU
		{04E57CC8-00FA-4177-9470-48A80B00A184}.Release|Any CPU.Build.0 = Release|Any CPU
	EndGlobalSection
	GlobalSection(SolutionProperties) = preSolution
		HideSolutionNode = FALSE
	EndGlobalSection
	GlobalSection(ExtensibilityGlobals) = postSolution
		SolutionGuid = {A34129D4-3139-4651-A972-F1B8A830F4B5}
	EndGlobalSection
EndGlobal
